
Microsoft Visual Studio Solution File, Format Version 12.00
# Visual Studio 2012
Project("{FAE04EC0-301F-11D3-BF4B-00C04F79EFBC}") = "WcfSoaPrototype", "WcfSoaPrototype\WcfSoaPrototype.csproj", "{FF53BF0D-5B5A-4E7D-A803-38EDF5DC5EB2}"
EndProject
Project("{FAE04EC0-301F-11D3-BF4B-00C04F79EFBC}") = "WcfSoaPrototypeClient", "WcfSoaPrototypeClient\WcfSoaPrototypeClient.csproj", "{0CD641B1-D2E6-4B00-876F-B1DB3BD2098F}"
	ProjectSection(ProjectDependencies) = postProject
		{FF53BF0D-5B5A-4E7D-A803-38EDF5DC5EB2} = {FF53BF0D-5B5A-4E7D-A803-38EDF5DC5EB2}
	EndProjectSection
EndProject
Project("{FAE04EC0-301F-11D3-BF4B-00C04F79EFBC}") = "Core", "Core\Core.csproj", "{4529FDE5-4027-411C-B7C2-E0CAFD213EE4}"
EndProject
Project("{FAE04EC0-301F-11D3-BF4B-00C04F79EFBC}") = "HcpcsCodes", "HcpcsCodes\HcpcsCodes.csproj", "{ACF56765-4F7A-4416-A5B4-D07EC144B083}"
EndProject
Project("{FAE04EC0-301F-11D3-BF4B-00C04F79EFBC}") = "HcpcsCodesTests", "HcpcsCodesTests\HcpcsCodesTests.csproj", "{C9703E7D-B5A3-4A9B-91BF-1F1A98AD31FF}"
EndProject
Global
	GlobalSection(SolutionConfigurationPlatforms) = preSolution
		Debug|Any CPU = Debug|Any CPU
		Release|Any CPU = Release|Any CPU
	EndGlobalSection
	GlobalSection(ProjectConfigurationPlatforms) = postSolution
		{FF53BF0D-5B5A-4E7D-A803-38EDF5DC5EB2}.Debug|Any CPU.ActiveCfg = Debug|Any CPU
		{FF53BF0D-5B5A-4E7D-A803-38EDF5DC5EB2}.Debug|Any CPU.Build.0 = Debug|Any CPU
		{FF53BF0D-5B5A-4E7D-A803-38EDF5DC5EB2}.Release|Any CPU.ActiveCfg = Release|Any CPU
		{FF53BF0D-5B5A-4E7D-A803-38EDF5DC5EB2}.Release|Any CPU.Build.0 = Release|Any CPU
		{0CD641B1-D2E6-4B00-876F-B1DB3BD2098F}.Debug|Any CPU.ActiveCfg = Debug|Any CPU
		{0CD641B1-D2E6-4B00-876F-B1DB3BD2098F}.Debug|Any CPU.Build.0 = Debug|Any CPU
		{0CD641B1-D2E6-4B00-876F-B1DB3BD2098F}.Release|Any CPU.ActiveCfg = Release|Any CPU
		{0CD641B1-D2E6-4B00-876F-B1DB3BD2098F}.Release|Any CPU.Build.0 = Release|Any CPU
		{4529FDE5-4027-411C-B7C2-E0CAFD213EE4}.Debug|Any CPU.ActiveCfg = Debug|Any CPU
		{4529FDE5-4027-411C-B7C2-E0CAFD213EE4}.Debug|Any CPU.Build.0 = Debug|Any CPU
		{4529FDE5-4027-411C-B7C2-E0CAFD213EE4}.Release|Any CPU.ActiveCfg = Release|Any CPU
		{4529FDE5-4027-411C-B7C2-E0CAFD213EE4}.Release|Any CPU.Build.0 = Release|Any CPU
		{ACF56765-4F7A-4416-A5B4-D07EC144B083}.Debug|Any CPU.ActiveCfg = Debug|Any CPU
		{ACF56765-4F7A-4416-A5B4-D07EC144B083}.Debug|Any CPU.Build.0 = Debug|Any CPU
		{ACF56765-4F7A-4416-A5B4-D07EC144B083}.Release|Any CPU.ActiveCfg = Release|Any CPU
		{ACF56765-4F7A-4416-A5B4-D07EC144B083}.Release|Any CPU.Build.0 = Release|Any CPU
		{C9703E7D-B5A3-4A9B-91BF-1F1A98AD31FF}.Debug|Any CPU.ActiveCfg = Debug|Any CPU
		{C9703E7D-B5A3-4A9B-91BF-1F1A98AD31FF}.Debug|Any CPU.Build.0 = Debug|Any CPU
		{C9703E7D-B5A3-4A9B-91BF-1F1A98AD31FF}.Release|Any CPU.ActiveCfg = Release|Any CPU
		{C9703E7D-B5A3-4A9B-91BF-1F1A98AD31FF}.Release|Any CPU.Build.0 = Release|Any CPU
	EndGlobalSection
	GlobalSection(SolutionProperties) = preSolution
		HideSolutionNode = FALSE
	EndGlobalSection
EndGlobal
